
Microsoft Visual Studio Solution File, Format Version 12.00
# Visual Studio Version 17
VisualStudioVersion = 17.10.35027.167
MinimumVisualStudioVersion = 10.0.40219.1
Project("{FAE04EC0-301F-11D3-BF4B-00C04F79EFBC}") = "Examen", "Examen.csproj", "{8290CBAA-44E8-4F70-AFA3-8AF2E7767F28}"
EndProject
Global
	GlobalSection(SolutionConfigurationPlatforms) = preSolution
		Debug|Any CPU = Debug|Any CPU
		Release|Any CPU = Release|Any CPU
	EndGlobalSection
	GlobalSection(ProjectConfigurationPlatforms) = postSolution
		{8290CBAA-44E8-4F70-AFA3-8AF2E7767F28}.Debug|Any CPU.ActiveCfg = Debug|Any CPU
		{8290CBAA-44E8-4F70-AFA3-8AF2E7767F28}.Debug|Any CPU.Build.0 = Debug|Any CPU
		{8290CBAA-44E8-4F70-AFA3-8AF2E7767F28}.Release|Any CPU.ActiveCfg = Release|Any CPU
		{8290CBAA-44E8-4F70-AFA3-8AF2E7767F28}.Release|Any CPU.Build.0 = Release|Any CPU
	EndGlobalSection
	GlobalSection(SolutionProperties) = preSolution
		HideSolutionNode = FALSE
	EndGlobalSection
	GlobalSection(ExtensibilityGlobals) = postSolution
		SolutionGuid = {BDCBA68C-F754-4D01-972C-CA6E30023CAC}
	EndGlobalSection
EndGlobal
